
Microsoft Visual Studio Solution File, Format Version 12.00
# Visual Studio Version 16
VisualStudioVersion = 16.0.31205.134
MinimumVisualStudioVersion = 10.0.40219.1
Project("{FAE04EC0-301F-11D3-BF4B-00C04F79EFBC}") = "TOP2000", "TOP2000\TOP2000.csproj", "{03767552-03B3-4363-967B-5F4E7F55B39C}"
EndProject
Global
	GlobalSection(SolutionConfigurationPlatforms) = preSolution
		Debug|Any CPU = Debug|Any CPU
		Release|Any CPU = Release|Any CPU
	EndGlobalSection
	GlobalSection(ProjectConfigurationPlatforms) = postSolution
		{03767552-03B3-4363-967B-5F4E7F55B39C}.Debug|Any CPU.ActiveCfg = Debug|Any CPU
		{03767552-03B3-4363-967B-5F4E7F55B39C}.Debug|Any CPU.Build.0 = Debug|Any CPU
		{03767552-03B3-4363-967B-5F4E7F55B39C}.Release|Any CPU.ActiveCfg = Release|Any CPU
		{03767552-03B3-4363-967B-5F4E7F55B39C}.Release|Any CPU.Build.0 = Release|Any CPU
	EndGlobalSection
	GlobalSection(SolutionProperties) = preSolution
		HideSolutionNode = FALSE
	EndGlobalSection
	GlobalSection(ExtensibilityGlobals) = postSolution
		SolutionGuid = {611CEB81-2B2D-452E-9B56-BA85EE0E48FE}
	EndGlobalSection
EndGlobal
